
Microsoft Visual Studio Solution File, Format Version 12.00
# Visual Studio Version 16
VisualStudioVersion = 16.0.29409.12
MinimumVisualStudioVersion = 10.0.40219.1
Project("{9A19103F-16F7-4668-BE54-9A1E7A4F7556}") = "HierarhyTest", "HierarhyTest\HierarhyTest.csproj", "{F927C290-C267-477E-976C-53609E330F39}"
EndProject
Project("{FAE04EC0-301F-11D3-BF4B-00C04F79EFBC}") = "HierarhyForms", "HierarhyForms\HierarhyForms.csproj", "{B8B7570B-61A5-45F5-AEF1-79E584055A24}"
EndProject
Global
	GlobalSection(SolutionConfigurationPlatforms) = preSolution
		Debug|Any CPU = Debug|Any CPU
		Release|Any CPU = Release|Any CPU
	EndGlobalSection
	GlobalSection(ProjectConfigurationPlatforms) = postSolution
		{F927C290-C267-477E-976C-53609E330F39}.Debug|Any CPU.ActiveCfg = Debug|Any CPU
		{F927C290-C267-477E-976C-53609E330F39}.Debug|Any CPU.Build.0 = Debug|Any CPU
		{F927C290-C267-477E-976C-53609E330F39}.Release|Any CPU.ActiveCfg = Release|Any CPU
		{F927C290-C267-477E-976C-53609E330F39}.Release|Any CPU.Build.0 = Release|Any CPU
		{B8B7570B-61A5-45F5-AEF1-79E584055A24}.Debug|Any CPU.ActiveCfg = Debug|Any CPU
		{B8B7570B-61A5-45F5-AEF1-79E584055A24}.Debug|Any CPU.Build.0 = Debug|Any CPU
		{B8B7570B-61A5-45F5-AEF1-79E584055A24}.Release|Any CPU.ActiveCfg = Release|Any CPU
		{B8B7570B-61A5-45F5-AEF1-79E584055A24}.Release|Any CPU.Build.0 = Release|Any CPU
	EndGlobalSection
	GlobalSection(SolutionProperties) = preSolution
		HideSolutionNode = FALSE
	EndGlobalSection
	GlobalSection(ExtensibilityGlobals) = postSolution
		SolutionGuid = {E339D392-68C5-4DC2-83F1-664C9B22D5D2}
	EndGlobalSection
EndGlobal
